
Microsoft Visual Studio Solution File, Format Version 12.00
# Visual Studio Version 16
VisualStudioVersion = 16.0.33529.622
MinimumVisualStudioVersion = 10.0.40219.1
Project("{FAE04EC0-301F-11D3-BF4B-00C04F79EFBC}") = "youtube2mp3", "youtube2mp3\youtube2mp3.csproj", "{DC7D1C2C-C332-442B-ABE2-874322B2C88C}"
EndProject
Global
	GlobalSection(SolutionConfigurationPlatforms) = preSolution
		Debug|Any CPU = Debug|Any CPU
		Debug|x64 = Debug|x64
		Release|Any CPU = Release|Any CPU
		Release|x64 = Release|x64
	EndGlobalSection
	GlobalSection(ProjectConfigurationPlatforms) = postSolution
		{DC7D1C2C-C332-442B-ABE2-874322B2C88C}.Debug|Any CPU.ActiveCfg = Debug|Any CPU
		{DC7D1C2C-C332-442B-ABE2-874322B2C88C}.Debug|Any CPU.Build.0 = Debug|Any CPU
		{DC7D1C2C-C332-442B-ABE2-874322B2C88C}.Debug|x64.ActiveCfg = Debug|x64
		{DC7D1C2C-C332-442B-ABE2-874322B2C88C}.Debug|x64.Build.0 = Debug|x64
		{DC7D1C2C-C332-442B-ABE2-874322B2C88C}.Release|Any CPU.ActiveCfg = Release|Any CPU
		{DC7D1C2C-C332-442B-ABE2-874322B2C88C}.Release|Any CPU.Build.0 = Release|Any CPU
		{DC7D1C2C-C332-442B-ABE2-874322B2C88C}.Release|x64.ActiveCfg = Release|x64
		{DC7D1C2C-C332-442B-ABE2-874322B2C88C}.Release|x64.Build.0 = Release|x64
	EndGlobalSection
	GlobalSection(SolutionProperties) = preSolution
		HideSolutionNode = FALSE
	EndGlobalSection
	GlobalSection(ExtensibilityGlobals) = postSolution
		SolutionGuid = {A4A95373-2AA8-45BC-B52E-13E8693A2E0A}
	EndGlobalSection
EndGlobal
